
Microsoft Visual Studio Solution File, Format Version 12.00
# Visual Studio 15
VisualStudioVersion = 15.0.28010.2003
MinimumVisualStudioVersion = 10.0.40219.1
Project("{FAE04EC0-301F-11D3-BF4B-00C04F79EFBC}") = "MobilFit.Android", "MobilFit\MobilFit.Android\MobilFit.Android.csproj", "{5B596BEB-9480-4AB1-A378-5E5B5C6D48C2}"
EndProject
Project("{FAE04EC0-301F-11D3-BF4B-00C04F79EFBC}") = "MobilFit.iOS", "MobilFit\MobilFit.iOS\MobilFit.iOS.csproj", "{24D146B4-76C4-41E0-849B-5694CF407D7F}"
EndProject
Project("{FAE04EC0-301F-11D3-BF4B-00C04F79EFBC}") = "MobilFit", "MobilFit\MobilFit\MobilFit.csproj", "{F74E33AD-C8A1-4E49-BEF3-F6574E416764}"
EndProject
Global
	GlobalSection(SolutionConfigurationPlatforms) = preSolution
		Ad-Hoc|Any CPU = Ad-Hoc|Any CPU
		Ad-Hoc|iPhone = Ad-Hoc|iPhone
		Ad-Hoc|iPhoneSimulator = Ad-Hoc|iPhoneSimulator
		AppStore|Any CPU = AppStore|Any CPU
		AppStore|iPhone = AppStore|iPhone
		AppStore|iPhoneSimulator = AppStore|iPhoneSimulator
		Debug|Any CPU = Debug|Any CPU
		Debug|iPhone = Debug|iPhone
		Debug|iPhoneSimulator = Debug|iPhoneSimulator
		Release|Any CPU = Release|Any CPU
		Release|iPhone = Release|iPhone
		Release|iPhoneSimulator = Release|iPhoneSimulator
	EndGlobalSection
	GlobalSection(ProjectConfigurationPlatforms) = postSolution
		{5B596BEB-9480-4AB1-A378-5E5B5C6D48C2}.Ad-Hoc|Any CPU.ActiveCfg = Release|Any CPU
		{5B596BEB-9480-4AB1-A378-5E5B5C6D48C2}.Ad-Hoc|Any CPU.Build.0 = Release|Any CPU
		{5B596BEB-9480-4AB1-A378-5E5B5C6D48C2}.Ad-Hoc|Any CPU.Deploy.0 = Release|Any CPU
		{5B596BEB-9480-4AB1-A378-5E5B5C6D48C2}.Ad-Hoc|iPhone.ActiveCfg = Release|Any CPU
		{5B596BEB-9480-4AB1-A378-5E5B5C6D48C2}.Ad-Hoc|iPhone.Build.0 = Release|Any CPU
		{5B596BEB-9480-4AB1-A378-5E5B5C6D48C2}.Ad-Hoc|iPhone.Deploy.0 = Release|Any CPU
		{5B596BEB-9480-4AB1-A378-5E5B5C6D48C2}.Ad-Hoc|iPhoneSimulator.ActiveCfg = Release|Any CPU
		{5B596BEB-9480-4AB1-A378-5E5B5C6D48C2}.Ad-Hoc|iPhoneSimulator.Build.0 = Release|Any CPU
		{5B596BEB-9480-4AB1-A378-5E5B5C6D48C2}.Ad-Hoc|iPhoneSimulator.Deploy.0 = Release|Any CPU
		{5B596BEB-9480-4AB1-A378-5E5B5C6D48C2}.AppStore|Any CPU.ActiveCfg = Release|Any CPU
		{5B596BEB-9480-4AB1-A378-5E5B5C6D48C2}.AppStore|Any CPU.Build.0 = Release|Any CPU
		{5B596BEB-9480-4AB1-A378-5E5B5C6D48C2}.AppStore|Any CPU.Deploy.0 = Release|Any CPU
		{5B596BEB-9480-4AB1-A378-5E5B5C6D48C2}.AppStore|iPhone.ActiveCfg = Release|Any CPU
		{5B596BEB-9480-4AB1-A378-5E5B5C6D48C2}.AppStore|iPhone.Build.0 = Release|Any CPU
		{5B596BEB-9480-4AB1-A378-5E5B5C6D48C2}.AppStore|iPhone.Deploy.0 = Release|Any CPU
		{5B596BEB-9480-4AB1-A378-5E5B5C6D48C2}.AppStore|iPhoneSimulator.ActiveCfg = Release|Any CPU
		{5B596BEB-9480-4AB1-A378-5E5B5C6D48C2}.AppStore|iPhoneSimulator.Build.0 = Release|Any CPU
		{5B596BEB-9480-4AB1-A378-5E5B5C6D48C2}.AppStore|iPhoneSimulator.Deploy.0 = Release|Any CPU
		{5B596BEB-9480-4AB1-A378-5E5B5C6D48C2}.Debug|Any CPU.ActiveCfg = Debug|Any CPU
		{5B596BEB-9480-4AB1-A378-5E5B5C6D48C2}.Debug|Any CPU.Build.0 = Debug|Any CPU
		{5B596BEB-9480-4AB1-A378-5E5B5C6D48C2}.Debug|Any CPU.Deploy.0 = Debug|Any CPU
		{5B596BEB-9480-4AB1-A378-5E5B5C6D48C2}.Debug|iPhone.ActiveCfg = Debug|Any CPU
		{5B596BEB-9480-4AB1-A378-5E5B5C6D48C2}.Debug|iPhone.Build.0 = Debug|Any CPU
		{5B596BEB-9480-4AB1-A378-5E5B5C6D48C2}.Debug|iPhone.Deploy.0 = Debug|Any CPU
		{5B596BEB-9480-4AB1-A378-5E5B5C6D48C2}.Debug|iPhoneSimulator.ActiveCfg = Debug|Any CPU
		{5B596BEB-9480-4AB1-A378-5E5B5C6D48C2}.Debug|iPhoneSimulator.Build.0 = Debug|Any CPU
		{5B596BEB-9480-4AB1-A378-5E5B5C6D48C2}.Debug|iPhoneSimulator.Deploy.0 = Debug|Any CPU
		{5B596BEB-9480-4AB1-A378-5E5B5C6D48C2}.Release|Any CPU.ActiveCfg = Release|Any CPU
		{5B596BEB-9480-4AB1-A378-5E5B5C6D48C2}.Release|Any CPU.Build.0 = Release|Any CPU
		{5B596BEB-9480-4AB1-A378-5E5B5C6D48C2}.Release|Any CPU.Deploy.0 = Release|Any CPU
		{5B596BEB-9480-4AB1-A378-5E5B5C6D48C2}.Release|iPhone.ActiveCfg = Release|Any CPU
		{5B596BEB-9480-4AB1-A378-5E5B5C6D48C2}.Release|iPhone.Build.0 = Release|Any CPU
		{5B596BEB-9480-4AB1-A378-5E5B5C6D48C2}.Release|iPhone.Deploy.0 = Release|Any CPU
		{5B596BEB-9480-4AB1-A378-5E5B5C6D48C2}.Release|iPhoneSimulator.ActiveCfg = Release|Any CPU
		{5B596BEB-9480-4AB1-A378-5E5B5C6D48C2}.Release|iPhoneSimulator.Build.0 = Release|Any CPU
		{5B596BEB-9480-4AB1-A378-5E5B5C6D48C2}.Release|iPhoneSimulator.Deploy.0 = Release|Any CPU
		{24D146B4-76C4-41E0-849B-5694CF407D7F}.Ad-Hoc|Any CPU.ActiveCfg = Ad-Hoc|iPhone
		{24D146B4-76C4-41E0-849B-5694CF407D7F}.Ad-Hoc|Any CPU.Build.0 = Ad-Hoc|iPhone
		{24D146B4-76C4-41E0-849B-5694CF407D7F}.Ad-Hoc|Any CPU.Deploy.0 = Ad-Hoc|iPhone
		{24D146B4-76C4-41E0-849B-5694CF407D7F}.Ad-Hoc|iPhone.ActiveCfg = Ad-Hoc|iPhone
		{24D146B4-76C4-41E0-849B-5694CF407D7F}.Ad-Hoc|iPhone.Build.0 = Ad-Hoc|iPhone
		{24D146B4-76C4-41E0-849B-5694CF407D7F}.Ad-Hoc|iPhone.Deploy.0 = Ad-Hoc|iPhone
		{24D146B4-76C4-41E0-849B-5694CF407D7F}.Ad-Hoc|iPhoneSimulator.ActiveCfg = Ad-Hoc|iPhoneSimulator
		{24D146B4-76C4-41E0-849B-5694CF407D7F}.Ad-Hoc|iPhoneSimulator.Build.0 = Ad-Hoc|iPhoneSimulator
		{24D146B4-76C4-41E0-849B-5694CF407D7F}.Ad-Hoc|iPhoneSimulator.Deploy.0 = Ad-Hoc|iPhoneSimulator
		{24D146B4-76C4-41E0-849B-5694CF407D7F}.AppStore|Any CPU.ActiveCfg = AppStore|iPhone
		{24D146B4-76C4-41E0-849B-5694CF407D7F}.AppStore|Any CPU.Build.0 = AppStore|iPhone
		{24D146B4-76C4-41E0-849B-5694CF407D7F}.AppStore|Any CPU.Deploy.0 = AppStore|iPhone
		{24D146B4-76C4-41E0-849B-5694CF407D7F}.AppStore|iPhone.ActiveCfg = AppStore|iPhone
		{24D146B4-76C4-41E0-849B-5694CF407D7F}.AppStore|iPhone.Build.0 = AppStore|iPhone
		{24D146B4-76C4-41E0-849B-5694CF407D7F}.AppStore|iPhone.Deploy.0 = AppStore|iPhone
		{24D146B4-76C4-41E0-849B-5694CF407D7F}.AppStore|iPhoneSimulator.ActiveCfg = AppStore|iPhoneSimulator
		{24D146B4-76C4-41E0-849B-5694CF407D7F}.AppStore|iPhoneSimulator.Build.0 = AppStore|iPhoneSimulator
		{24D146B4-76C4-41E0-849B-5694CF407D7F}.AppStore|iPhoneSimulator.Deploy.0 = AppStore|iPhoneSimulator
		{24D146B4-76C4-41E0-849B-5694CF407D7F}.Debug|Any CPU.ActiveCfg = Debug|iPhoneSimulator
		{24D146B4-76C4-41E0-849B-5694CF407D7F}.Debug|Any CPU.Build.0 = Debug|iPhoneSimulator
		{24D146B4-76C4-41E0-849B-5694CF407D7F}.Debug|Any CPU.Deploy.0 = Debug|iPhoneSimulator
		{24D146B4-76C4-41E0-849B-5694CF407D7F}.Debug|iPhone.ActiveCfg = Debug|iPhone
		{24D146B4-76C4-41E0-849B-5694CF407D7F}.Debug|iPhone.Build.0 = Debug|iPhone
		{24D146B4-76C4-41E0-849B-5694CF407D7F}.Debug|iPhone.Deploy.0 = Debug|iPhone
		{24D146B4-76C4-41E0-849B-5694CF407D7F}.Debug|iPhoneSimulator.ActiveCfg = Debug|iPhoneSimulator
		{24D146B4-76C4-41E0-849B-5694CF407D7F}.Debug|iPhoneSimulator.Build.0 = Debug|iPhoneSimulator
		{24D146B4-76C4-41E0-849B-5694CF407D7F}.Debug|iPhoneSimulator.Deploy.0 = Debug|iPhoneSimulator
		{24D146B4-76C4-41E0-849B-5694CF407D7F}.Release|Any CPU.ActiveCfg = Release|iPhone
		{24D146B4-76C4-41E0-849B-5694CF407D7F}.Release|Any CPU.Build.0 = Release|iPhone
		{24D146B4-76C4-41E0-849B-5694CF407D7F}.Release|Any CPU.Deploy.0 = Release|iPhone
		{24D146B4-76C4-41E0-849B-5694CF407D7F}.Release|iPhone.ActiveCfg = Release|iPhone
		{24D146B4-76C4-41E0-849B-5694CF407D7F}.Release|iPhone.Build.0 = Release|iPhone
		{24D146B4-76C4-41E0-849B-5694CF407D7F}.Release|iPhone.Deploy.0 = Release|iPhone
		{24D146B4-76C4-41E0-849B-5694CF407D7F}.Release|iPhoneSimulator.ActiveCfg = Release|iPhoneSimulator
		{24D146B4-76C4-41E0-849B-5694CF407D7F}.Release|iPhoneSimulator.Build.0 = Release|iPhoneSimulator
		{24D146B4-76C4-41E0-849B-5694CF407D7F}.Release|iPhoneSimulator.Deploy.0 = Release|iPhoneSimulator
		{F74E33AD-C8A1-4E49-BEF3-F6574E416764}.Ad-Hoc|Any CPU.ActiveCfg = Debug|Any CPU
		{F74E33AD-C8A1-4E49-BEF3-F6574E416764}.Ad-Hoc|Any CPU.Build.0 = Debug|Any CPU
		{F74E33AD-C8A1-4E49-BEF3-F6574E416764}.Ad-Hoc|Any CPU.Deploy.0 = Debug|Any CPU
		{F74E33AD-C8A1-4E49-BEF3-F6574E416764}.Ad-Hoc|iPhone.ActiveCfg = Debug|Any CPU
		{F74E33AD-C8A1-4E49-BEF3-F6574E416764}.Ad-Hoc|iPhone.Build.0 = Debug|Any CPU
		{F74E33AD-C8A1-4E49-BEF3-F6574E416764}.Ad-Hoc|iPhone.Deploy.0 = Debug|Any CPU
		{F74E33AD-C8A1-4E49-BEF3-F6574E416764}.Ad-Hoc|iPhoneSimulator.ActiveCfg = Debug|Any CPU
		{F74E33AD-C8A1-4E49-BEF3-F6574E416764}.Ad-Hoc|iPhoneSimulator.Build.0 = Debug|Any CPU
		{F74E33AD-C8A1-4E49-BEF3-F6574E416764}.Ad-Hoc|iPhoneSimulator.Deploy.0 = Debug|Any CPU
		{F74E33AD-C8A1-4E49-BEF3-F6574E416764}.AppStore|Any CPU.ActiveCfg = Debug|Any CPU
		{F74E33AD-C8A1-4E49-BEF3-F6574E416764}.AppStore|Any CPU.Build.0 = Debug|Any CPU
		{F74E33AD-C8A1-4E49-BEF3-F6574E416764}.AppStore|Any CPU.Deploy.0 = Debug|Any CPU
		{F74E33AD-C8A1-4E49-BEF3-F6574E416764}.AppStore|iPhone.ActiveCfg = Debug|Any CPU
		{F74E33AD-C8A1-4E49-BEF3-F6574E416764}.AppStore|iPhone.Build.0 = Debug|Any CPU
		{F74E33AD-C8A1-4E49-BEF3-F6574E416764}.AppStore|iPhone.Deploy.0 = Debug|Any CPU
		{F74E33AD-C8A1-4E49-BEF3-F6574E416764}.AppStore|iPhoneSimulator.ActiveCfg = Debug|Any CPU
		{F74E33AD-C8A1-4E49-BEF3-F6574E416764}.AppStore|iPhoneSimulator.Build.0 = Debug|Any CPU
		{F74E33AD-C8A1-4E49-BEF3-F6574E416764}.AppStore|iPhoneSimulator.Deploy.0 = Debug|Any CPU
		{F74E33AD-C8A1-4E49-BEF3-F6574E416764}.Debug|Any CPU.ActiveCfg = Debug|Any CPU
		{F74E33AD-C8A1-4E49-BEF3-F6574E416764}.Debug|Any CPU.Build.0 = Debug|Any CPU
		{F74E33AD-C8A1-4E49-BEF3-F6574E416764}.Debug|Any CPU.Deploy.0 = Debug|Any CPU
		{F74E33AD-C8A1-4E49-BEF3-F6574E416764}.Debug|iPhone.ActiveCfg = Debug|Any CPU
		{F74E33AD-C8A1-4E49-BEF3-F6574E416764}.Debug|iPhone.Build.0 = Debug|Any CPU
		{F74E33AD-C8A1-4E49-BEF3-F6574E416764}.Debug|iPhone.Deploy.0 = Debug|Any CPU
		{F74E33AD-C8A1-4E49-BEF3-F6574E416764}.Debug|iPhoneSimulator.ActiveCfg = Debug|Any CPU
		{F74E33AD-C8A1-4E49-BEF3-F6574E416764}.Debug|iPhoneSimulator.Build.0 = Debug|Any CPU
		{F74E33AD-C8A1-4E49-BEF3-F6574E416764}.Debug|iPhoneSimulator.Deploy.0 = Debug|Any CPU
		{F74E33AD-C8A1-4E49-BEF3-F6574E416764}.Release|Any CPU.ActiveCfg = Release|Any CPU
		{F74E33AD-C8A1-4E49-BEF3-F6574E416764}.Release|Any CPU.Build.0 = Release|Any CPU
		{F74E33AD-C8A1-4E49-BEF3-F6574E416764}.Release|Any CPU.Deploy.0 = Release|Any CPU
		{F74E33AD-C8A1-4E49-BEF3-F6574E416764}.Release|iPhone.ActiveCfg = Release|Any CPU
		{F74E33AD-C8A1-4E49-BEF3-F6574E416764}.Release|iPhone.Build.0 = Release|Any CPU
		{F74E33AD-C8A1-4E49-BEF3-F6574E416764}.Release|iPhone.Deploy.0 = Release|Any CPU
		{F74E33AD-C8A1-4E49-BEF3-F6574E416764}.Release|iPhoneSimulator.ActiveCfg = Release|Any CPU
		{F74E33AD-C8A1-4E49-BEF3-F6574E416764}.Release|iPhoneSimulator.Build.0 = Release|Any CPU
		{F74E33AD-C8A1-4E49-BEF3-F6574E416764}.Release|iPhoneSimulator.Deploy.0 = Release|Any CPU
	EndGlobalSection
	GlobalSection(SolutionProperties) = preSolution
		HideSolutionNode = FALSE
	EndGlobalSection
	GlobalSection(ExtensibilityGlobals) = postSolution
		SolutionGuid = {839BAEBB-F2EC-4088-83FE-04C6FE6BDB96}
	EndGlobalSection
EndGlobal
